<?xml version="1.0" encoding="utf-8"?>
<Project ToolsVersion="4.0" xmlns="http://schemas.microsoft.com/developer/msbuild/2003">
  <ItemGroup>
    <Filter Include="共通">
      <UniqueIdentifier>cd7cb6bc-e6d8-4895-9854-51156911f13f</UniqueIdentifier>
    </Filter>
    <Filter Include="資産">
      <UniqueIdentifier>4f2599a7-8735-49df-aabc-938ab39f2e5a</UniqueIdentifier>
      <Extensions>bmp;fbx;gif;jpg;jpeg;tga;tiff;tif;png</Extensions>
    </Filter>
    <Filter Include="コンテンツ">
      <UniqueIdentifier>951e2d88-0040-4e98-b1e7-2acfde2a4cb0</UniqueIdentifier>
    </Filter>
    <ClInclude Include="Common\d3dx12.h">
      <Filter>共通</Filter>
    </ClInclude>
    <ClInclude Include="Common\DirectXHelper.h">
      <Filter>共通</Filter>
    </ClInclude>
    <ClInclude Include="Common\StepTimer.h">
      <Filter>共通</Filter>
    </ClInclude>
    <ClInclude Include="Common\DeviceResources.h">
      <Filter>共通</Filter>
    </ClInclude>
    <ClCompile Include="Common\DeviceResources.cpp">
      <Filter>共通</Filter>
    </ClCompile>
    <ClInclude Include="Content\Sample3DSceneRenderer.h">
      <Filter>コンテンツ</Filter>
    </ClInclude>
    <ClInclude Include="Content\ShaderStructures.h">
      <Filter>コンテンツ</Filter>
    </ClInclude>
    <ClCompile Include="Content\Sample3DSceneRenderer.cpp">
      <Filter>コンテンツ</Filter>
    </ClCompile>
    <FxCompile Include="Content\SamplePixelShader.hlsl">
      <Filter>コンテンツ</Filter>
    </FxCompile>
    <FxCompile Include="Content\SampleVertexShader.hlsl">
      <Filter>コンテンツ</Filter>
    </FxCompile>
    <Image Include="Assets\LockScreenLogo.scale-200.png">
      <Filter>資産</Filter>
    </Image>
    <Image Include="Assets\Square150x150Logo.scale-200.png">
      <Filter>資産</Filter>
    </Image>
    <Image Include="Assets\Square44x44Logo.scale-200.png">
      <Filter>資産</Filter>
    </Image>
    <Image Include="Assets\StoreLogo.png">
      <Filter>資産</Filter>
    </Image>
    <Image Include="Assets\Wide310x150Logo.scale-200.png">
      <Filter>資産</Filter>
    </Image>
    <Filter Include="lib">
      <UniqueIdentifier>{3654c09f-f51f-4f24-be7a-74ec453b660c}</UniqueIdentifier>
    </Filter>
  </ItemGroup>
  <ItemGroup>
    <ClCompile Include="App.cpp" />
    <ClCompile Include="HonyasicsMain.cpp" />
    <ClCompile Include="pch.cpp" />
    <ClCompile Include="dbgstream.cpp">
      <Filter>lib</Filter>
    </ClCompile>
  </ItemGroup>
  <ItemGroup>
    <ClInclude Include="App.h" />
    <ClInclude Include="HonyasicsMain.h" />
    <ClInclude Include="pch.h" />
    <ClInclude Include="dbgstream.h">
      <Filter>lib</Filter>
    </ClInclude>
  </ItemGroup>
  <ItemGroup>
    <Image Include="Assets\SplashScreen.scale-200.png">
      <Filter>資産</Filter>
    </Image>
    <Image Include="Assets\Square44x44Logo.targetsize-24_altform-unplated.png">
      <Filter>資産</Filter>
    </Image>
  </ItemGroup>
  <ItemGroup>
    <AppxManifest Include="Package.appxmanifest" />
  </ItemGroup>
</Project>